<?xml version="1.0" encoding="utf-8"?>
<Project ToolsVersion="4.0" xmlns="http://schemas.microsoft.com/developer/msbuild/2003">
  <ItemGroup>
    <Filter Include="Fusion">
      <UniqueIdentifier>{B930AEB3-A5D2-D889-8E8D-ECDD7ACE5FDA}</UniqueIdentifier>
    </Filter>
    <Filter Include="Fusion\Events">
      <UniqueIdentifier>{7DB2E0E2-E972-5C19-B2AD-A5961E2DA1F5}</UniqueIdentifier>
    </Filter>
    <Filter Include="Platform">
      <UniqueIdentifier>{2AC788B4-1694-E3BF-3FAD-D1672BD9184E}</UniqueIdentifier>
    </Filter>
    <Filter Include="Platform\Windows">
      <UniqueIdentifier>{64FBD71A-50F4-F66C-7926-DCF1657ED678}</UniqueIdentifier>
    </Filter>
  </ItemGroup>
  <ItemGroup>
    <ClInclude Include="src\Fusion.h" />
    <ClInclude Include="src\Fusion\Application.h">
      <Filter>Fusion</Filter>
    </ClInclude>
    <ClInclude Include="src\Fusion\Core.h">
      <Filter>Fusion</Filter>
    </ClInclude>
    <ClInclude Include="src\Fusion\EntryPoint.h">
      <Filter>Fusion</Filter>
    </ClInclude>
    <ClInclude Include="src\Fusion\Events\ApplicationEvent.h">
      <Filter>Fusion\Events</Filter>
    </ClInclude>
    <ClInclude Include="src\Fusion\Events\Event.h">
      <Filter>Fusion\Events</Filter>
    </ClInclude>
    <ClInclude Include="src\Fusion\Events\KeyEvent.h">
      <Filter>Fusion\Events</Filter>
    </ClInclude>
    <ClInclude Include="src\Fusion\Events\MouseEvent.h">
      <Filter>Fusion\Events</Filter>
    </ClInclude>
    <ClInclude Include="src\Fusion\Log.h">
      <Filter>Fusion</Filter>
    </ClInclude>
    <ClInclude Include="src\Fusion\Window.h">
      <Filter>Fusion</Filter>
    </ClInclude>
    <ClInclude Include="src\Platform\Windows\WindowsWindow.h">
      <Filter>Platform\Windows</Filter>
    </ClInclude>
    <ClInclude Include="src\fnpch.h" />
    <ClInclude Include="src\Fusion\Layer.h" />
    <ClInclude Include="src\Fusion\LayerHandler.h" />
  </ItemGroup>
  <ItemGroup>
    <ClCompile Include="src\Fusion\Application.cpp">
      <Filter>Fusion</Filter>
    </ClCompile>
    <ClCompile Include="src\Fusion\Log.cpp">
      <Filter>Fusion</Filter>
    </ClCompile>
    <ClCompile Include="src\Platform\Windows\WindowsWindow.cpp">
      <Filter>Platform\Windows</Filter>
    </ClCompile>
    <ClCompile Include="src\fnpch.cpp" />
    <ClCompile Include="src\Fusion\Layer.cpp" />
    <ClCompile Include="src\Fusion\LayerHandler.cpp" />
  </ItemGroup>
</Project>