<?xml version="1.0" encoding="utf-8"?>
<Project ToolsVersion="4.0" xmlns="http://schemas.microsoft.com/developer/msbuild/2003">
  <ItemGroup>
    <Filter Include="Fusion">
      <UniqueIdentifier>{B930AEB3-A5D2-D889-8E8D-ECDD7ACE5FDA}</UniqueIdentifier>
    </Filter>
  </ItemGroup>
  <ItemGroup>
    <ClInclude Include="src\Fusion.h" />
    <ClInclude Include="src\Fusion\Application.h">
      <Filter>Fusion</Filter>
    </ClInclude>
    <ClInclude Include="src\Fusion\Core.h">
      <Filter>Fusion</Filter>
    </ClInclude>
    <ClInclude Include="src\Fusion\EntryPoint.h">
      <Filter>Fusion</Filter>
    </ClInclude>
    <ClInclude Include="src\Fusion\Log.h">
      <Filter>Fusion</Filter>
    </ClInclude>
  </ItemGroup>
  <ItemGroup>
    <ClCompile Include="src\Fusion\Application.cpp">
      <Filter>Fusion</Filter>
    </ClCompile>
    <ClCompile Include="src\Fusion\Log.cpp">
      <Filter>Fusion</Filter>
    </ClCompile>
  </ItemGroup>
</Project>